
Microsoft Visual Studio Solution File, Format Version 12.00
# Visual Studio Version 17
VisualStudioVersion = 17.6.33801.468
MinimumVisualStudioVersion = 10.0.40219.1
Project("{FAE04EC0-301F-11D3-BF4B-00C04F79EFBC}") = "cli", "cli.csproj", "{9533B748-D9C8-453F-A709-2522032C1DCF}"
EndProject
Global
	GlobalSection(SolutionConfigurationPlatforms) = preSolution
		Debug|Any CPU = Debug|Any CPU
		Release|Any CPU = Release|Any CPU
	EndGlobalSection
	GlobalSection(ProjectConfigurationPlatforms) = postSolution
		{9533B748-D9C8-453F-A709-2522032C1DCF}.Debug|Any CPU.ActiveCfg = Debug|Any CPU
		{9533B748-D9C8-453F-A709-2522032C1DCF}.Debug|Any CPU.Build.0 = Debug|Any CPU
		{9533B748-D9C8-453F-A709-2522032C1DCF}.Release|Any CPU.ActiveCfg = Release|Any CPU
		{9533B748-D9C8-453F-A709-2522032C1DCF}.Release|Any CPU.Build.0 = Release|Any CPU
	EndGlobalSection
	GlobalSection(SolutionProperties) = preSolution
		HideSolutionNode = FALSE
	EndGlobalSection
	GlobalSection(ExtensibilityGlobals) = postSolution
		SolutionGuid = {ECE13AE2-5F53-4342-805F-0DA40E030C81}
	EndGlobalSection
EndGlobal
